{
  "name": "eeg_analysis",
  "version": "0.0.1",
  "lockfileVersion": 1,
  "requires": true,
  "dependencies": {
    "@hapi/address": {
      "version": "2.1.4",
      "resolved": "https://registry.npmjs.org/@hapi/address/-/address-2.1.4.tgz",
      "integrity": "sha512-QD1PhQk+s31P1ixsX0H0Suoupp3VMXzIVMSwobR3F3MSUO2YCV0B7xqLcUw/Bh8yuvd3LhpyqLQWTNcRmp6IdQ=="
    },
    "@hapi/formula": {
      "version": "1.2.0",
      "resolved": "https://registry.npmjs.org/@hapi/formula/-/formula-1.2.0.tgz",
      "integrity": "sha512-UFbtbGPjstz0eWHb+ga/GM3Z9EzqKXFWIbSOFURU0A/Gku0Bky4bCk9/h//K2Xr3IrCfjFNhMm4jyZ5dbCewGA=="
    },
    "@hapi/hoek": {
      "version": "8.5.1",
      "resolved": "https://registry.npmjs.org/@hapi/hoek/-/hoek-8.5.1.tgz",
      "integrity": "sha512-yN7kbciD87WzLGc5539Tn0sApjyiGHAJgKvG9W8C7O+6c7qmoQMfVs0W4bX17eqz6C78QJqqFrtgdK5EWf6Qow=="
    },
    "@hapi/joi": {
      "version": "16.1.8",
      "resolved": "https://registry.npmjs.org/@hapi/joi/-/joi-16.1.8.tgz",
      "integrity": "sha512-wAsVvTPe+FwSrsAurNt5vkg3zo+TblvC5Bb1zMVK6SJzZqw9UrJnexxR+76cpePmtUZKHAPxcQ2Bf7oVHyahhg==",
      "requires": {
        "@hapi/address": "^2.1.2",
        "@hapi/formula": "^1.2.0",
        "@hapi/hoek": "^8.2.4",
        "@hapi/pinpoint": "^1.0.2",
        "@hapi/topo": "^3.1.3"
      }
    },
    "@hapi/pinpoint": {
      "version": "1.0.2",
      "resolved": "https://registry.npmjs.org/@hapi/pinpoint/-/pinpoint-1.0.2.tgz",
      "integrity": "sha512-dtXC/WkZBfC5vxscazuiJ6iq4j9oNx1SHknmIr8hofarpKUZKmlUVYVIhNVzIEgK5Wrc4GMHL5lZtt1uS2flmQ=="
    },
    "@hapi/topo": {
      "version": "3.1.6",
      "resolved": "https://registry.npmjs.org/@hapi/topo/-/topo-3.1.6.tgz",
      "integrity": "sha512-tAag0jEcjwH+P2quUfipd7liWCNX2F8NvYjQp2wtInsZxnMlypdw0FtAOLxtvvkO+GSRRbmNi8m/5y42PQJYCQ==",
      "requires": {
        "@hapi/hoek": "^8.3.0"
      }
    },
    "ansi-regex": {
      "version": "3.0.0",
      "resolved": "https://registry.npmjs.org/ansi-regex/-/ansi-regex-3.0.0.tgz",
      "integrity": "sha1-7QMXwyIGT3lGbAKWa922Bas32Zg="
    },
    "arguments-extended": {
      "version": "0.0.3",
      "resolved": "https://registry.npmjs.org/arguments-extended/-/arguments-extended-0.0.3.tgz",
      "integrity": "sha1-YQfkkX0OtvCk3WYyD8Fa/HLvSUY=",
      "requires": {
        "extended": "~0.0.3",
        "is-extended": "~0.0.8"
      }
    },
    "array-extended": {
      "version": "0.0.11",
      "resolved": "https://registry.npmjs.org/array-extended/-/array-extended-0.0.11.tgz",
      "integrity": "sha1-1xRK50jek8pybxIQCdv/FibRZL0=",
      "requires": {
        "arguments-extended": "~0.0.3",
        "extended": "~0.0.3",
        "is-extended": "~0.0.3"
      }
    },
    "bcijs": {
      "version": "1.6.5",
      "resolved": "https://registry.npmjs.org/bcijs/-/bcijs-1.6.5.tgz",
      "integrity": "sha512-dYiaxOZYh/8KkgLR/BvC9GzFAPeqywnkMeOR1c2pCACrNW0YOGZVXgsMaPJYjkqAJ+fQ1I+8lS9Vui4fqcBBPQ==",
      "requires": {
        "csv": "^5.1.2",
        "csvtojson": "^1.1.12",
        "easy-table": "^1.1.1",
        "edfjs": "^0.2.0",
        "fast-csv": "^2.5.0",
        "fft.js": "^4.0.3",
        "mathjs": "^3.20.2",
        "node-osc": "^2.1.0",
        "numeric": "^1.2.6",
        "pw-csp": "^1.0.1",
        "pw-lda": "^1.1.0",
        "pw-stat": "^1.0.1"
      },
      "dependencies": {
        "complex.js": {
          "version": "2.0.4",
          "resolved": "https://registry.npmjs.org/complex.js/-/complex.js-2.0.4.tgz",
          "integrity": "sha512-Syl95HpxUTS0QjwNxencZsKukgh1zdS9uXeXX2Us0pHaqBR6kiZZi0AkZ9VpZFwHJyVIUVzI4EumjWdXP3fy6w=="
        },
        "decimal.js": {
          "version": "9.0.1",
          "resolved": "https://registry.npmjs.org/decimal.js/-/decimal.js-9.0.1.tgz",
          "integrity": "sha512-2h0iKbJwnImBk4TGk7CG1xadoA0g3LDPlQhQzbZ221zvG0p2YVUedbKIPsOZXKZGx6YmZMJKYOalpCMxSdDqTQ=="
        },
        "fraction.js": {
          "version": "4.0.4",
          "resolved": "https://registry.npmjs.org/fraction.js/-/fraction.js-4.0.4.tgz",
          "integrity": "sha512-aK/oGatyYLTtXRHjfEsytX5fieeR5H4s8sLorzcT12taFS+dbMZejnvm9gRa8mZAPwci24ucjq9epDyaq5u8Iw=="
        },
        "mathjs": {
          "version": "3.20.2",
          "resolved": "https://registry.npmjs.org/mathjs/-/mathjs-3.20.2.tgz",
          "integrity": "sha512-3f6/+uf1cUtIz1rYFz775wekl/UEDSQ3mU6xdxW7qzpvvhc2v28i3UtLsGTRB+u8OqDWoSX6Dz8gehaGFs6tCA==",
          "requires": {
            "complex.js": "2.0.4",
            "decimal.js": "9.0.1",
            "escape-latex": "^1.0.0",
            "fraction.js": "4.0.4",
            "javascript-natural-sort": "0.7.1",
            "seed-random": "2.2.0",
            "tiny-emitter": "2.0.2",
            "typed-function": "0.10.7"
          }
        },
        "tiny-emitter": {
          "version": "2.0.2",
          "resolved": "https://registry.npmjs.org/tiny-emitter/-/tiny-emitter-2.0.2.tgz",
          "integrity": "sha512-2NM0auVBGft5tee/OxP4PI3d8WItkDM+fPnaRAVo6xTDI2knbz9eC5ArWGqtGlYqiH3RU5yMpdyTTO7MguC4ow=="
        },
        "typed-function": {
          "version": "0.10.7",
          "resolved": "https://registry.npmjs.org/typed-function/-/typed-function-0.10.7.tgz",
          "integrity": "sha512-3mlZ5AwRMbLvUKkc8a1TI4RUJUS2H27pmD5q0lHRObgsoWzhDAX01yg82kwSP1FUw922/4Y9ZliIEh0qJZcz+g=="
        }
      }
    },
    "binpack": {
      "version": "0.1.0",
      "resolved": "https://registry.npmjs.org/binpack/-/binpack-0.1.0.tgz",
      "integrity": "sha1-vT0JdMPyoERuF99PYLVacqIFqX4="
    },
    "buffer-alloc": {
      "version": "1.2.0",
      "resolved": "https://registry.npmjs.org/buffer-alloc/-/buffer-alloc-1.2.0.tgz",
      "integrity": "sha512-CFsHQgjtW1UChdXgbyJGtnm+O/uLQeZdtbDo8mfUgYXCHSM1wgrVxXm6bSyrUuErEb+4sYVGCzASBRot7zyrow==",
      "requires": {
        "buffer-alloc-unsafe": "^1.1.0",
        "buffer-fill": "^1.0.0"
      }
    },
    "buffer-alloc-unsafe": {
      "version": "1.1.0",
      "resolved": "https://registry.npmjs.org/buffer-alloc-unsafe/-/buffer-alloc-unsafe-1.1.0.tgz",
      "integrity": "sha512-TEM2iMIEQdJ2yjPJoSIsldnleVaAk1oW3DBVUykyOLsEsFmEc9kn+SFFPz+gl54KQNxlDnAwCXosOS9Okx2xAg=="
    },
    "buffer-fill": {
      "version": "1.0.0",
      "resolved": "https://registry.npmjs.org/buffer-fill/-/buffer-fill-1.0.0.tgz",
      "integrity": "sha1-+PeLdniYiO858gXNY39o5wISKyw="
    },
    "buffer-from": {
      "version": "1.1.1",
      "resolved": "https://registry.npmjs.org/buffer-from/-/buffer-from-1.1.1.tgz",
      "integrity": "sha512-MQcXEUbCKtEo7bhqEs6560Hyd4XaovZlO/k9V3hjVUF/zwW7KBVdSK4gIt/bzwS9MbR5qob+F5jusZsb0YQK2A=="
    },
    "clone": {
      "version": "1.0.4",
      "resolved": "https://registry.npmjs.org/clone/-/clone-1.0.4.tgz",
      "integrity": "sha1-2jCcwmPfFZlMaIypAheco8fNfH4=",
      "optional": true
    },
    "complex.js": {
      "version": "2.0.11",
      "resolved": "https://registry.npmjs.org/complex.js/-/complex.js-2.0.11.tgz",
      "integrity": "sha512-6IArJLApNtdg1P1dFtn3dnyzoZBEF0MwMnrfF1exSBRpZYoy4yieMkpZhQDC0uwctw48vii0CFVyHfpgZ/DfGw=="
    },
    "core-util-is": {
      "version": "1.0.2",
      "resolved": "https://registry.npmjs.org/core-util-is/-/core-util-is-1.0.2.tgz",
      "integrity": "sha1-tf1UIgqivFq1eqtxQMlAdUUDwac="
    },
    "csv": {
      "version": "5.3.1",
      "resolved": "https://registry.npmjs.org/csv/-/csv-5.3.1.tgz",
      "integrity": "sha512-UBO4x5EYpihikfjHUQ7dCTIgC+e9TrWWZbCcoMr935tcAZfXT1MZKHLD+aYSHs1jwW2G1uljpFfJ4XxYwQ6t5w==",
      "requires": {
        "csv-generate": "^3.2.4",
        "csv-parse": "^4.8.2",
        "csv-stringify": "^5.3.4",
        "stream-transform": "^2.0.1"
      }
    },
    "csv-generate": {
      "version": "3.2.4",
      "resolved": "https://registry.npmjs.org/csv-generate/-/csv-generate-3.2.4.tgz",
      "integrity": "sha512-qNM9eqlxd53TWJeGtY1IQPj90b563Zx49eZs8e0uMyEvPgvNVmX1uZDtdzAcflB3PniuH9creAzcFOdyJ9YGvA=="
    },
    "csv-parse": {
      "version": "4.8.5",
      "resolved": "https://registry.npmjs.org/csv-parse/-/csv-parse-4.8.5.tgz",
      "integrity": "sha512-rpsLmlLWJZifmLzZEVGbZ9phWnJyi+cCbCGYr4vX2NaHFtgbmQPFk+WmMkmMkQXgsIUn6CgnK9cTuUAfFjoXbA=="
    },
    "csv-parser": {
      "version": "2.3.2",
      "resolved": "https://registry.npmjs.org/csv-parser/-/csv-parser-2.3.2.tgz",
      "integrity": "sha512-ggurTYuhhoUJyrPXTAkiO1x6QXkxAoimV+YSz2eSAXF+jQ/Xve/030T34tVStKFmX56pPtY5PiZl3bR4HkZK+Q==",
      "requires": {
        "@hapi/joi": "^16.1.4",
        "buffer-alloc": "^1.1.0",
        "buffer-from": "^1.0.0",
        "generate-object-property": "^1.0.0",
        "minimist": "^1.2.0",
        "ndjson": "^1.4.0"
      }
    },
    "csv-stringify": {
      "version": "5.3.6",
      "resolved": "https://registry.npmjs.org/csv-stringify/-/csv-stringify-5.3.6.tgz",
      "integrity": "sha512-kPcRbMvo5NLLD71TAqW5K+g9kbM2HpIZJLAzm73Du8U+5TXmDp9YtXKCBLyxEh0q3Jbg8QhNFBz3b5VJzjZ/jw=="
    },
    "csvtojson": {
      "version": "1.1.12",
      "resolved": "https://registry.npmjs.org/csvtojson/-/csvtojson-1.1.12.tgz",
      "integrity": "sha512-gJg1II2uXh8H6XP7L1YzX/6H8rrUbSTiEg4SaI6/pHOcnZovwAR3Rmm9TizSsGQBBXl1pb/JJPlaImV2YIuMrg==",
      "requires": {
        "lodash": "^4.17.3",
        "strip-bom": "^2.0.0"
      }
    },
    "date-extended": {
      "version": "0.0.6",
      "resolved": "https://registry.npmjs.org/date-extended/-/date-extended-0.0.6.tgz",
      "integrity": "sha1-I4AtV90b94GIE/4MMuhRqG2iZ8k=",
      "requires": {
        "array-extended": "~0.0.3",
        "extended": "~0.0.3",
        "is-extended": "~0.0.3"
      }
    },
    "decimal.js": {
      "version": "10.2.0",
      "resolved": "https://registry.npmjs.org/decimal.js/-/decimal.js-10.2.0.tgz",
      "integrity": "sha512-vDPw+rDgn3bZe1+F/pyEwb1oMG2XTlRVgAa6B4KccTEpYgF8w6eQllVbQcfIJnZyvzFtFpxnpGtx8dd7DJp/Rw=="
    },
    "declare.js": {
      "version": "0.0.8",
      "resolved": "https://registry.npmjs.org/declare.js/-/declare.js-0.0.8.tgz",
      "integrity": "sha1-BHit/5VkwAT1Hfc9i8E0AZ0o3N4="
    },
    "defaults": {
      "version": "1.0.3",
      "resolved": "https://registry.npmjs.org/defaults/-/defaults-1.0.3.tgz",
      "integrity": "sha1-xlYFHpgX2f8I7YgUd/P+QBnz730=",
      "optional": true,
      "requires": {
        "clone": "^1.0.2"
      }
    },
    "easy-table": {
      "version": "1.1.1",
      "resolved": "https://registry.npmjs.org/easy-table/-/easy-table-1.1.1.tgz",
      "integrity": "sha512-C9Lvm0WFcn2RgxbMnTbXZenMIWcBtkzMr+dWqq/JsVoGFSVUVlPqeOa5LP5kM0I3zoOazFpckOEb2/0LDFfToQ==",
      "requires": {
        "ansi-regex": "^3.0.0",
        "wcwidth": ">=1.0.1"
      }
    },
    "edfjs": {
      "version": "0.2.0",
      "resolved": "https://registry.npmjs.org/edfjs/-/edfjs-0.2.0.tgz",
      "integrity": "sha1-HNk2pXDejnoGcONVtsIWGlgdQJA="
    },
    "escape-latex": {
      "version": "1.2.0",
      "resolved": "https://registry.npmjs.org/escape-latex/-/escape-latex-1.2.0.tgz",
      "integrity": "sha512-nV5aVWW1K0wEiUIEdZ4erkGGH8mDxGyxSeqPzRNtWP7ataw+/olFObw7hujFWlVjNsaDFw5VZ5NzVSIqRgfTiw=="
    },
    "extended": {
      "version": "0.0.6",
      "resolved": "https://registry.npmjs.org/extended/-/extended-0.0.6.tgz",
      "integrity": "sha1-f7i/e52uOXWG5IVwrP1kLHjlBmk=",
      "requires": {
        "extender": "~0.0.5"
      }
    },
    "extender": {
      "version": "0.0.10",
      "resolved": "https://registry.npmjs.org/extender/-/extender-0.0.10.tgz",
      "integrity": "sha1-WJwHSCvmGhRgttgfnCSqZ+jzJM0=",
      "requires": {
        "declare.js": "~0.0.4"
      }
    },
    "fast-csv": {
      "version": "2.5.0",
      "resolved": "https://registry.npmjs.org/fast-csv/-/fast-csv-2.5.0.tgz",
      "integrity": "sha512-M/9ezLU9/uDwvDZTt9sNFJa0iLDUsbhYJwPtnE0D9MjeuB6DY9wRCyUPZta9iI6cSz5wBWGaUPL61QH8h92cNA==",
      "requires": {
        "extended": "0.0.6",
        "is-extended": "0.0.10",
        "object-extended": "0.0.7",
        "safer-buffer": "^2.1.2",
        "string-extended": "0.0.8"
      }
    },
    "fft.js": {
      "version": "4.0.3",
      "resolved": "https://registry.npmjs.org/fft.js/-/fft.js-4.0.3.tgz",
      "integrity": "sha1-sAhO+pQYj+vdHP/mhpH0yFoPuMs="
    },
    "fraction.js": {
      "version": "4.0.12",
      "resolved": "https://registry.npmjs.org/fraction.js/-/fraction.js-4.0.12.tgz",
      "integrity": "sha512-8Z1K0VTG4hzYY7kA/1sj4/r1/RWLBD3xwReT/RCrUCbzPszjNQCCsy3ktkU/eaEqX3MYa4pY37a52eiBlPMlhA=="
    },
    "generate-object-property": {
      "version": "1.2.0",
      "resolved": "https://registry.npmjs.org/generate-object-property/-/generate-object-property-1.2.0.tgz",
      "integrity": "sha1-nA4cQDCM6AT0eDYYuTf6iPmdUNA=",
      "requires": {
        "is-property": "^1.0.0"
      }
    },
    "inherits": {
      "version": "2.0.4",
      "resolved": "https://registry.npmjs.org/inherits/-/inherits-2.0.4.tgz",
      "integrity": "sha512-k/vGaX4/Yla3WzyMCvTQOXYeIHvqOKtnqBduzTHpzpQZzAskKMhZ2K+EnBiSM9zGSoIFeMpXKxa4dYeZIQqewQ=="
    },
    "is-extended": {
      "version": "0.0.10",
      "resolved": "https://registry.npmjs.org/is-extended/-/is-extended-0.0.10.tgz",
      "integrity": "sha1-JE4UDfdbscmjEG9BL/GC+1NKbWI=",
      "requires": {
        "extended": "~0.0.3"
      }
    },
    "is-property": {
      "version": "1.0.2",
      "resolved": "https://registry.npmjs.org/is-property/-/is-property-1.0.2.tgz",
      "integrity": "sha1-V/4cTkhHTt1lsJkR8msc1Ald2oQ="
    },
    "is-utf8": {
      "version": "0.2.1",
      "resolved": "https://registry.npmjs.org/is-utf8/-/is-utf8-0.2.1.tgz",
      "integrity": "sha1-Sw2hRCEE0bM2NA6AeX6GXPOffXI="
    },
    "isarray": {
      "version": "1.0.0",
      "resolved": "https://registry.npmjs.org/isarray/-/isarray-1.0.0.tgz",
      "integrity": "sha1-u5NdSFgsuhaMBoNJV6VKPgcSTxE="
    },
    "javascript-natural-sort": {
      "version": "0.7.1",
      "resolved": "https://registry.npmjs.org/javascript-natural-sort/-/javascript-natural-sort-0.7.1.tgz",
      "integrity": "sha1-+eIwPUUH9tdDVac2ZNFED7Wg71k="
    },
    "json-stringify-safe": {
      "version": "5.0.1",
      "resolved": "https://registry.npmjs.org/json-stringify-safe/-/json-stringify-safe-5.0.1.tgz",
      "integrity": "sha1-Epai1Y/UXxmg9s4B1lcB4sc1tus="
    },
    "jspack": {
      "version": "0.0.4",
      "resolved": "https://registry.npmjs.org/jspack/-/jspack-0.0.4.tgz",
      "integrity": "sha1-Mt01x/3LPjRWwY+7fvntC8YjgXc="
    },
    "lodash": {
      "version": "4.17.15",
      "resolved": "https://registry.npmjs.org/lodash/-/lodash-4.17.15.tgz",
      "integrity": "sha512-8xOcRHvCjnocdS5cpwXQXVzmmh5e5+saE2QGoeQmbKmRS6J3VQppPOIt0MnmE+4xlZoumy0GPG0D0MVIQbNA1A=="
    },
    "mathjs": {
      "version": "6.6.0",
      "resolved": "https://registry.npmjs.org/mathjs/-/mathjs-6.6.0.tgz",
      "integrity": "sha512-gYYc1+irFbwuwYUx6O8G2YauvbD1+tPBbq829PaxAiRWpPzPEE8pvwGgvdMuk6c3pqhm6Do/mN26vLiQP46H5A==",
      "requires": {
        "complex.js": "^2.0.11",
        "decimal.js": "^10.2.0",
        "escape-latex": "^1.2.0",
        "fraction.js": "^4.0.12",
        "javascript-natural-sort": "^0.7.1",
        "seed-random": "^2.2.0",
        "tiny-emitter": "^2.1.0",
        "typed-function": "^1.1.1"
      }
    },
    "minimist": {
      "version": "1.2.0",
      "resolved": "https://registry.npmjs.org/minimist/-/minimist-1.2.0.tgz",
      "integrity": "sha1-o1AIsg9BOD7sH7kU9M1d95omQoQ="
    },
    "mixme": {
      "version": "0.3.5",
      "resolved": "https://registry.npmjs.org/mixme/-/mixme-0.3.5.tgz",
      "integrity": "sha512-SyV9uPETRig5ZmYev0ANfiGeB+g6N2EnqqEfBbCGmmJ6MgZ3E4qv5aPbnHVdZ60KAHHXV+T3sXopdrnIXQdmjQ=="
    },
    "ndjson": {
      "version": "1.5.0",
      "resolved": "https://registry.npmjs.org/ndjson/-/ndjson-1.5.0.tgz",
      "integrity": "sha1-rmA7NrE0vOw0e0UkIrC/mNWDLsg=",
      "requires": {
        "json-stringify-safe": "^5.0.1",
        "minimist": "^1.2.0",
        "split2": "^2.1.0",
        "through2": "^2.0.3"
      }
    },
    "node-osc": {
      "version": "2.1.0",
      "resolved": "https://registry.npmjs.org/node-osc/-/node-osc-2.1.0.tgz",
      "integrity": "sha1-23FPmM+aXIQ17pnceAZSi3gjoZA=",
      "requires": {
        "jspack": "0.0.4",
        "osc-min": "^1.1.1",
        "semver": "^5.1.0"
      }
    },
    "numeric": {
      "version": "1.2.6",
      "resolved": "https://registry.npmjs.org/numeric/-/numeric-1.2.6.tgz",
      "integrity": "sha1-dlsCvvl5iPz4gNTrPza4D6MTNao="
    },
    "object-extended": {
      "version": "0.0.7",
      "resolved": "https://registry.npmjs.org/object-extended/-/object-extended-0.0.7.tgz",
      "integrity": "sha1-hP0j9WsVWCrrPoiwXLVdJDLWijM=",
      "requires": {
        "array-extended": "~0.0.4",
        "extended": "~0.0.3",
        "is-extended": "~0.0.3"
      }
    },
    "osc-min": {
      "version": "1.1.2",
      "resolved": "https://registry.npmjs.org/osc-min/-/osc-min-1.1.2.tgz",
      "integrity": "sha512-8DbiO8ME85R75stgNVCZtHxB9MNBBNcyy+isNBXrsFeinXGjwNAauvKVmGlfRas5VJWC/mhzIx7spR2gFvWxvg==",
      "requires": {
        "binpack": "~0"
      }
    },
    "process-nextick-args": {
      "version": "2.0.1",
      "resolved": "https://registry.npmjs.org/process-nextick-args/-/process-nextick-args-2.0.1.tgz",
      "integrity": "sha512-3ouUOpQhtgrbOa17J7+uxOTpITYWaGP7/AhoR3+A+/1e9skrzelGi/dXzEYyvbxubEF6Wn2ypscTKiKJFFn1ag=="
    },
    "pw-csp": {
      "version": "1.0.1",
      "resolved": "https://registry.npmjs.org/pw-csp/-/pw-csp-1.0.1.tgz",
      "integrity": "sha512-Xs4nqBtpDdpVrOS7r60yvU7gq6e8Dzo0zzsMo6Ahs6qB2aEVE71IPw4YgjYnk1XhpIhJ656ZY7jJws7CAsyyjQ==",
      "requires": {
        "mathjs": "^3.16.5",
        "numeric": "^1.2.6",
        "pw-stat": "^1.0.0"
      },
      "dependencies": {
        "complex.js": {
          "version": "2.0.4",
          "resolved": "https://registry.npmjs.org/complex.js/-/complex.js-2.0.4.tgz",
          "integrity": "sha512-Syl95HpxUTS0QjwNxencZsKukgh1zdS9uXeXX2Us0pHaqBR6kiZZi0AkZ9VpZFwHJyVIUVzI4EumjWdXP3fy6w=="
        },
        "decimal.js": {
          "version": "9.0.1",
          "resolved": "https://registry.npmjs.org/decimal.js/-/decimal.js-9.0.1.tgz",
          "integrity": "sha512-2h0iKbJwnImBk4TGk7CG1xadoA0g3LDPlQhQzbZ221zvG0p2YVUedbKIPsOZXKZGx6YmZMJKYOalpCMxSdDqTQ=="
        },
        "fraction.js": {
          "version": "4.0.4",
          "resolved": "https://registry.npmjs.org/fraction.js/-/fraction.js-4.0.4.tgz",
          "integrity": "sha512-aK/oGatyYLTtXRHjfEsytX5fieeR5H4s8sLorzcT12taFS+dbMZejnvm9gRa8mZAPwci24ucjq9epDyaq5u8Iw=="
        },
        "mathjs": {
          "version": "3.20.2",
          "resolved": "https://registry.npmjs.org/mathjs/-/mathjs-3.20.2.tgz",
          "integrity": "sha512-3f6/+uf1cUtIz1rYFz775wekl/UEDSQ3mU6xdxW7qzpvvhc2v28i3UtLsGTRB+u8OqDWoSX6Dz8gehaGFs6tCA==",
          "requires": {
            "complex.js": "2.0.4",
            "decimal.js": "9.0.1",
            "escape-latex": "^1.0.0",
            "fraction.js": "4.0.4",
            "javascript-natural-sort": "0.7.1",
            "seed-random": "2.2.0",
            "tiny-emitter": "2.0.2",
            "typed-function": "0.10.7"
          }
        },
        "tiny-emitter": {
          "version": "2.0.2",
          "resolved": "https://registry.npmjs.org/tiny-emitter/-/tiny-emitter-2.0.2.tgz",
          "integrity": "sha512-2NM0auVBGft5tee/OxP4PI3d8WItkDM+fPnaRAVo6xTDI2knbz9eC5ArWGqtGlYqiH3RU5yMpdyTTO7MguC4ow=="
        },
        "typed-function": {
          "version": "0.10.7",
          "resolved": "https://registry.npmjs.org/typed-function/-/typed-function-0.10.7.tgz",
          "integrity": "sha512-3mlZ5AwRMbLvUKkc8a1TI4RUJUS2H27pmD5q0lHRObgsoWzhDAX01yg82kwSP1FUw922/4Y9ZliIEh0qJZcz+g=="
        }
      }
    },
    "pw-lda": {
      "version": "1.1.0",
      "resolved": "https://registry.npmjs.org/pw-lda/-/pw-lda-1.1.0.tgz",
      "integrity": "sha512-kuCiAlS3UMtys9D8rOZuYg1KoWg2k/6PY7ttYoAVCQLkIaGw3sE54Qsr3wOzJRKuXSZNWsoCPQwXPOWKYicDTQ==",
      "requires": {
        "mathjs": "^3.20.2",
        "pw-stat": "^1.0.1"
      },
      "dependencies": {
        "complex.js": {
          "version": "2.0.4",
          "resolved": "https://registry.npmjs.org/complex.js/-/complex.js-2.0.4.tgz",
          "integrity": "sha512-Syl95HpxUTS0QjwNxencZsKukgh1zdS9uXeXX2Us0pHaqBR6kiZZi0AkZ9VpZFwHJyVIUVzI4EumjWdXP3fy6w=="
        },
        "decimal.js": {
          "version": "9.0.1",
          "resolved": "https://registry.npmjs.org/decimal.js/-/decimal.js-9.0.1.tgz",
          "integrity": "sha512-2h0iKbJwnImBk4TGk7CG1xadoA0g3LDPlQhQzbZ221zvG0p2YVUedbKIPsOZXKZGx6YmZMJKYOalpCMxSdDqTQ=="
        },
        "fraction.js": {
          "version": "4.0.4",
          "resolved": "https://registry.npmjs.org/fraction.js/-/fraction.js-4.0.4.tgz",
          "integrity": "sha512-aK/oGatyYLTtXRHjfEsytX5fieeR5H4s8sLorzcT12taFS+dbMZejnvm9gRa8mZAPwci24ucjq9epDyaq5u8Iw=="
        },
        "mathjs": {
          "version": "3.20.2",
          "resolved": "https://registry.npmjs.org/mathjs/-/mathjs-3.20.2.tgz",
          "integrity": "sha512-3f6/+uf1cUtIz1rYFz775wekl/UEDSQ3mU6xdxW7qzpvvhc2v28i3UtLsGTRB+u8OqDWoSX6Dz8gehaGFs6tCA==",
          "requires": {
            "complex.js": "2.0.4",
            "decimal.js": "9.0.1",
            "escape-latex": "^1.0.0",
            "fraction.js": "4.0.4",
            "javascript-natural-sort": "0.7.1",
            "seed-random": "2.2.0",
            "tiny-emitter": "2.0.2",
            "typed-function": "0.10.7"
          }
        },
        "tiny-emitter": {
          "version": "2.0.2",
          "resolved": "https://registry.npmjs.org/tiny-emitter/-/tiny-emitter-2.0.2.tgz",
          "integrity": "sha512-2NM0auVBGft5tee/OxP4PI3d8WItkDM+fPnaRAVo6xTDI2knbz9eC5ArWGqtGlYqiH3RU5yMpdyTTO7MguC4ow=="
        },
        "typed-function": {
          "version": "0.10.7",
          "resolved": "https://registry.npmjs.org/typed-function/-/typed-function-0.10.7.tgz",
          "integrity": "sha512-3mlZ5AwRMbLvUKkc8a1TI4RUJUS2H27pmD5q0lHRObgsoWzhDAX01yg82kwSP1FUw922/4Y9ZliIEh0qJZcz+g=="
        }
      }
    },
    "pw-stat": {
      "version": "1.0.1",
      "resolved": "https://registry.npmjs.org/pw-stat/-/pw-stat-1.0.1.tgz",
      "integrity": "sha512-YpWzep/GuchBqdENa/ZvSZMnEmiCqJGhXJ3Xkm1413DonYP6sTSwOb8ad8uihxG7w6ToWsvGnbhRRoNmmj+yjw=="
    },
    "readable-stream": {
      "version": "2.3.7",
      "resolved": "https://registry.npmjs.org/readable-stream/-/readable-stream-2.3.7.tgz",
      "integrity": "sha512-Ebho8K4jIbHAxnuxi7o42OrZgF/ZTNcsZj6nRKyUmkhLFq8CHItp/fy6hQZuZmP/n3yZ9VBUbp4zz/mX8hmYPw==",
      "requires": {
        "core-util-is": "~1.0.0",
        "inherits": "~2.0.3",
        "isarray": "~1.0.0",
        "process-nextick-args": "~2.0.0",
        "safe-buffer": "~5.1.1",
        "string_decoder": "~1.1.1",
        "util-deprecate": "~1.0.1"
      }
    },
    "safe-buffer": {
      "version": "5.1.2",
      "resolved": "https://registry.npmjs.org/safe-buffer/-/safe-buffer-5.1.2.tgz",
      "integrity": "sha512-Gd2UZBJDkXlY7GbJxfsE8/nvKkUEU1G38c1siN6QP6a9PT9MmHB8GnpscSmMJSoF8LOIrt8ud/wPtojys4G6+g=="
    },
    "safer-buffer": {
      "version": "2.1.2",
      "resolved": "https://registry.npmjs.org/safer-buffer/-/safer-buffer-2.1.2.tgz",
      "integrity": "sha512-YZo3K82SD7Riyi0E1EQPojLz7kpepnSQI9IyPbHHg1XXXevb5dJI7tpyN2ADxGcQbHG7vcyRHk0cbwqcQriUtg=="
    },
    "seed-random": {
      "version": "2.2.0",
      "resolved": "https://registry.npmjs.org/seed-random/-/seed-random-2.2.0.tgz",
      "integrity": "sha1-KpsZ4lCoFwmSMaW5mk2vgLf77VQ="
    },
    "semver": {
      "version": "5.7.1",
      "resolved": "https://registry.npmjs.org/semver/-/semver-5.7.1.tgz",
      "integrity": "sha512-sauaDf/PZdVgrLTNYHRtpXa1iRiKcaebiKQ1BJdpQlWH2lCvexQdX55snPFyK7QzpudqbCI0qXFfOasHdyNDGQ=="
    },
    "split2": {
      "version": "2.2.0",
      "resolved": "https://registry.npmjs.org/split2/-/split2-2.2.0.tgz",
      "integrity": "sha512-RAb22TG39LhI31MbreBgIuKiIKhVsawfTgEGqKHTK87aG+ul/PB8Sqoi3I7kVdRWiCfrKxK3uo4/YUkpNvhPbw==",
      "requires": {
        "through2": "^2.0.2"
      }
    },
    "stream-transform": {
      "version": "2.0.1",
      "resolved": "https://registry.npmjs.org/stream-transform/-/stream-transform-2.0.1.tgz",
      "integrity": "sha512-GiTcO/rRvZP2R8WPwxmxCFP+Of1yIATuFAmYkvSLDfcD93X2WHiPwdgIqeFT2CvL1gyAsjQvu1nB6RDNQ5b2jw==",
      "requires": {
        "mixme": "^0.3.1"
      }
    },
    "string-extended": {
      "version": "0.0.8",
      "resolved": "https://registry.npmjs.org/string-extended/-/string-extended-0.0.8.tgz",
      "integrity": "sha1-dBlX3/SHsCcqee7FpE8jnubxfM0=",
      "requires": {
        "array-extended": "~0.0.5",
        "date-extended": "~0.0.3",
        "extended": "~0.0.3",
        "is-extended": "~0.0.3"
      }
    },
    "string_decoder": {
      "version": "1.1.1",
      "resolved": "https://registry.npmjs.org/string_decoder/-/string_decoder-1.1.1.tgz",
      "integrity": "sha512-n/ShnvDi6FHbbVfviro+WojiFzv+s8MPMHBczVePfUpDJLwoLT0ht1l4YwBCbi8pJAveEEdnkHyPyTP/mzRfwg==",
      "requires": {
        "safe-buffer": "~5.1.0"
      }
    },
    "strip-bom": {
      "version": "2.0.0",
      "resolved": "https://registry.npmjs.org/strip-bom/-/strip-bom-2.0.0.tgz",
      "integrity": "sha1-YhmoVhZSBJHzV4i9vxRHqZx+aw4=",
      "requires": {
        "is-utf8": "^0.2.0"
      }
    },
    "through2": {
      "version": "2.0.5",
      "resolved": "https://registry.npmjs.org/through2/-/through2-2.0.5.tgz",
      "integrity": "sha512-/mrRod8xqpA+IHSLyGCQ2s8SPHiCDEeQJSep1jqLYeEUClOFG2Qsh+4FU6G9VeqpZnGW/Su8LQGc4YKni5rYSQ==",
      "requires": {
        "readable-stream": "~2.3.6",
        "xtend": "~4.0.1"
      }
    },
    "tiny-emitter": {
      "version": "2.1.0",
      "resolved": "https://registry.npmjs.org/tiny-emitter/-/tiny-emitter-2.1.0.tgz",
      "integrity": "sha512-NB6Dk1A9xgQPMoGqC5CVXn123gWyte215ONT5Pp5a0yt4nlEoO1ZWeCwpncaekPHXO60i47ihFnZPiRPjRMq4Q=="
    },
    "typed-function": {
      "version": "1.1.1",
      "resolved": "https://registry.npmjs.org/typed-function/-/typed-function-1.1.1.tgz",
      "integrity": "sha512-RbN7MaTQBZLJYzDENHPA0nUmWT0Ex80KHItprrgbTPufYhIlTePvCXZxyQK7wgn19FW5bnuaBIKcBb5mRWjB1Q=="
    },
    "util-deprecate": {
      "version": "1.0.2",
      "resolved": "https://registry.npmjs.org/util-deprecate/-/util-deprecate-1.0.2.tgz",
      "integrity": "sha1-RQ1Nyfpw3nMnYvvS1KKJgUGaDM8="
    },
    "wcwidth": {
      "version": "1.0.1",
      "resolved": "https://registry.npmjs.org/wcwidth/-/wcwidth-1.0.1.tgz",
      "integrity": "sha1-8LDc+RW8X/FSivrbLA4XtTLaL+g=",
      "optional": true,
      "requires": {
        "defaults": "^1.0.3"
      }
    },
    "xtend": {
      "version": "4.0.2",
      "resolved": "https://registry.npmjs.org/xtend/-/xtend-4.0.2.tgz",
      "integrity": "sha512-LKYU1iAXJXUgAXn9URjiu+MWhyUXHsvfp7mcuYm9dSUKK0/CjtrUwFAxD82/mCWbtLsGjFIad0wIsod4zrTAEQ=="
    }
  }
}
